<Solution>
  <Folder Name="/src/">
    <Project Path="src/DataCompare.App/DataCompare.App.csproj" />
    <Project Path="src/DataCompare.Engine/DataCompare.Engine.csproj" />
  </Folder>
  <Folder Name="/tests/">
    <Project Path="tests/DataCompare.Engine.Tests/DataCompare.Engine.Tests.csproj" />
  </Folder>
</Solution>
